
Microsoft Visual Studio Solution File, Format Version 12.00
# Visual Studio Version 17
VisualStudioVersion = 17.8.34330.188
MinimumVisualStudioVersion = 10.0.40219.1
Project("{9A19103F-16F7-4668-BE54-9A1E7A4F7556}") = "HelloWorldMVC", "HelloWorldMVC\HelloWorldMVC.csproj", "{B6277659-5014-4BC2-92A1-71E1BEF18A21}"
EndProject
Project("{9A19103F-16F7-4668-BE54-9A1E7A4F7556}") = "WorkOut", "WorkOut\WorkOut.csproj", "{9AB93069-3A52-45F5-9F40-8AF6553B6F68}"
EndProject
Project("{9A19103F-16F7-4668-BE54-9A1E7A4F7556}") = "AJAXWithJQuery", "AJAXWithJQuery\AJAXWithJQuery.csproj", "{0060AFA3-F1D2-4CFB-8213-39505D3FBAA7}"
EndProject
Project("{FAE04EC0-301F-11D3-BF4B-00C04F79EFBC}") = "CloudHRMS", "CloudHRMS\CloudHRMS.csproj", "{34F38B52-F17F-43D4-A632-C1A91A83C086}"
EndProject
Global
	GlobalSection(SolutionConfigurationPlatforms) = preSolution
		Debug|Any CPU = Debug|Any CPU
		Release|Any CPU = Release|Any CPU
	EndGlobalSection
	GlobalSection(ProjectConfigurationPlatforms) = postSolution
		{B6277659-5014-4BC2-92A1-71E1BEF18A21}.Debug|Any CPU.ActiveCfg = Debug|Any CPU
		{B6277659-5014-4BC2-92A1-71E1BEF18A21}.Debug|Any CPU.Build.0 = Debug|Any CPU
		{B6277659-5014-4BC2-92A1-71E1BEF18A21}.Release|Any CPU.ActiveCfg = Release|Any CPU
		{B6277659-5014-4BC2-92A1-71E1BEF18A21}.Release|Any CPU.Build.0 = Release|Any CPU
		{9AB93069-3A52-45F5-9F40-8AF6553B6F68}.Debug|Any CPU.ActiveCfg = Debug|Any CPU
		{9AB93069-3A52-45F5-9F40-8AF6553B6F68}.Debug|Any CPU.Build.0 = Debug|Any CPU
		{9AB93069-3A52-45F5-9F40-8AF6553B6F68}.Release|Any CPU.ActiveCfg = Release|Any CPU
		{9AB93069-3A52-45F5-9F40-8AF6553B6F68}.Release|Any CPU.Build.0 = Release|Any CPU
		{0060AFA3-F1D2-4CFB-8213-39505D3FBAA7}.Debug|Any CPU.ActiveCfg = Debug|Any CPU
		{0060AFA3-F1D2-4CFB-8213-39505D3FBAA7}.Debug|Any CPU.Build.0 = Debug|Any CPU
		{0060AFA3-F1D2-4CFB-8213-39505D3FBAA7}.Release|Any CPU.ActiveCfg = Release|Any CPU
		{0060AFA3-F1D2-4CFB-8213-39505D3FBAA7}.Release|Any CPU.Build.0 = Release|Any CPU
		{34F38B52-F17F-43D4-A632-C1A91A83C086}.Debug|Any CPU.ActiveCfg = Debug|Any CPU
		{34F38B52-F17F-43D4-A632-C1A91A83C086}.Debug|Any CPU.Build.0 = Debug|Any CPU
		{34F38B52-F17F-43D4-A632-C1A91A83C086}.Release|Any CPU.ActiveCfg = Release|Any CPU
		{34F38B52-F17F-43D4-A632-C1A91A83C086}.Release|Any CPU.Build.0 = Release|Any CPU
	EndGlobalSection
	GlobalSection(SolutionProperties) = preSolution
		HideSolutionNode = FALSE
	EndGlobalSection
	GlobalSection(ExtensibilityGlobals) = postSolution
		SolutionGuid = {045FAC62-E332-491D-973E-61824C9977A3}
	EndGlobalSection
EndGlobal
